// !$*UTF8*$!
{
	archiveVersion = 1;
	classes = {
	};
	objectVersion = 46;
	objects = {

/* Begin PBXBuildFile section */
		880972D317C7C31000B971A4 /* UIKit.framework in Frameworks */ = {isa = PBXBuildFile; fileRef = 880972D217C7C31000B971A4 /* UIKit.framework */; };
		880972D517C7C31000B971A4 /* Foundation.framework in Frameworks */ = {isa = PBXBuildFile; fileRef = 880972D417C7C31000B971A4 /* Foundation.framework */; };
		880972D717C7C31000B971A4 /* CoreGraphics.framework in Frameworks */ = {isa = PBXBuildFile; fileRef = 880972D617C7C31000B971A4 /* CoreGraphics.framework */; };
		88CA780617C8693600535BD0 /* AVFoundation.framework in Frameworks */ = {isa = PBXBuildFile; fileRef = 88CA780517C8693600535BD0 /* AVFoundation.framework */; };
		88FD17D917D30F3E0074B62D /* Default-568h@2x.png in Resources */ = {isa = PBXBuildFile; fileRef = 88FD17D817D30F3E0074B62D /* Default-568h@2x.png */; };
		88FD17DA17D30F510074B62D /* NSObject+DelayedPerforming.m in Sources */ = {isa = PBXBuildFile; fileRef = 88FD17CD17D30EC90074B62D /* NSObject+DelayedPerforming.m */; };
		88FD17DB17D30F510074B62D /* YSScrollView.m in Sources */ = {isa = PBXBuildFile; fileRef = 88FD17D417D30EC90074B62D /* YSScrollView.m */; };
		88FD17DC17D30F510074B62D /* YSViewController.m in Sources */ = {isa = PBXBuildFile; fileRef = 88FD17D717D30EC90074B62D /* YSViewController.m */; };
		88FDFA2517D7083F00CB1B45 /* main.m in Sources */ = {isa = PBXBuildFile; fileRef = 88FDFA2017D707FE00CB1B45 /* main.m */; };
		88FDFA2617D7083F00CB1B45 /* YSAppDelegate.m in Sources */ = {isa = PBXBuildFile; fileRef = 88FDFA2417D707FE00CB1B45 /* YSAppDelegate.m */; };
/* End PBXBuildFile section */

/* Begin PBXFileReference section */
		880972CF17C7C31000B971A4 /* TwinklePullDown.app */ = {isa = PBXFileReference; explicitFileType = wrapper.application; includeInIndex = 0; path = TwinklePullDown.app; sourceTree = BUILT_PRODUCTS_DIR; };
		880972D217C7C31000B971A4 /* UIKit.framework */ = {isa = PBXFileReference; lastKnownFileType = wrapper.framework; name = UIKit.framework; path = System/Library/Frameworks/UIKit.framework; sourceTree = SDKROOT; };
		880972D417C7C31000B971A4 /* Foundation.framework */ = {isa = PBXFileReference; lastKnownFileType = wrapper.framework; name = Foundation.framework; path = System/Library/Frameworks/Foundation.framework; sourceTree = SDKROOT; };
		880972D617C7C31000B971A4 /* CoreGraphics.framework */ = {isa = PBXFileReference; lastKnownFileType = wrapper.framework; name = CoreGraphics.framework; path = System/Library/Frameworks/CoreGraphics.framework; sourceTree = SDKROOT; };
		88CA780517C8693600535BD0 /* AVFoundation.framework */ = {isa = PBXFileReference; lastKnownFileType = wrapper.framework; name = AVFoundation.framework; path = System/Library/Frameworks/AVFoundation.framework; sourceTree = SDKROOT; };
		88FD17CC17D30EC90074B62D /* NSObject+DelayedPerforming.h */ = {isa = PBXFileReference; lastKnownFileType = sourcecode.c.h; path = "NSObject+DelayedPerforming.h"; sourceTree = "<group>"; };
		88FD17CD17D30EC90074B62D /* NSObject+DelayedPerforming.m */ = {isa = PBXFileReference; lastKnownFileType = sourcecode.c.objc; path = "NSObject+DelayedPerforming.m"; sourceTree = "<group>"; };
		88FD17D317D30EC90074B62D /* YSScrollView.h */ = {isa = PBXFileReference; lastKnownFileType = sourcecode.c.h; path = YSScrollView.h; sourceTree = "<group>"; };
		88FD17D417D30EC90074B62D /* YSScrollView.m */ = {isa = PBXFileReference; lastKnownFileType = sourcecode.c.objc; path = YSScrollView.m; sourceTree = "<group>"; };
		88FD17D617D30EC90074B62D /* YSViewController.h */ = {isa = PBXFileReference; lastKnownFileType = sourcecode.c.h; path = YSViewController.h; sourceTree = "<group>"; };
		88FD17D717D30EC90074B62D /* YSViewController.m */ = {isa = PBXFileReference; lastKnownFileType = sourcecode.c.objc; path = YSViewController.m; sourceTree = "<group>"; };
		88FD17D817D30F3E0074B62D /* Default-568h@2x.png */ = {isa = PBXFileReference; lastKnownFileType = image.png; path = "Default-568h@2x.png"; sourceTree = "<group>"; };
		88FDFA1717D707FE00CB1B45 /* Default-568h@2x.png */ = {isa = PBXFileReference; lastKnownFileType = image.png; path = "Default-568h@2x.png"; sourceTree = "<group>"; };
		88FDFA1817D707FE00CB1B45 /* Default.png */ = {isa = PBXFileReference; lastKnownFileType = image.png; path = Default.png; sourceTree = "<group>"; };
		88FDFA1917D707FE00CB1B45 /* Default@2x.png */ = {isa = PBXFileReference; lastKnownFileType = image.png; path = "Default@2x.png"; sourceTree = "<group>"; };
		88FDFA1B17D707FE00CB1B45 /* en */ = {isa = PBXFileReference; lastKnownFileType = text.plist.strings; name = en; path = en.lproj/InfoPlist.strings; sourceTree = "<group>"; };
		88FDFA1D17D707FE00CB1B45 /* en */ = {isa = PBXFileReference; lastKnownFileType = file.xib; name = en; path = en.lproj/YSViewController_iPad.xib; sourceTree = "<group>"; };
		88FDFA1F17D707FE00CB1B45 /* en */ = {isa = PBXFileReference; lastKnownFileType = file.xib; name = en; path = en.lproj/YSViewController_iPhone.xib; sourceTree = "<group>"; };
		88FDFA2017D707FE00CB1B45 /* main.m */ = {isa = PBXFileReference; lastKnownFileType = sourcecode.c.objc; path = main.m; sourceTree = "<group>"; };
		88FDFA2117D707FE00CB1B45 /* TwinklePullDown-Info.plist */ = {isa = PBXFileReference; lastKnownFileType = text.plist.xml; path = "TwinklePullDown-Info.plist"; sourceTree = "<group>"; };
		88FDFA2217D707FE00CB1B45 /* TwinklePullDown-Prefix.pch */ = {isa = PBXFileReference; lastKnownFileType = sourcecode.c.h; path = "TwinklePullDown-Prefix.pch"; sourceTree = "<group>"; };
		88FDFA2317D707FE00CB1B45 /* YSAppDelegate.h */ = {isa = PBXFileReference; lastKnownFileType = sourcecode.c.h; path = YSAppDelegate.h; sourceTree = "<group>"; };
		88FDFA2417D707FE00CB1B45 /* YSAppDelegate.m */ = {isa = PBXFileReference; lastKnownFileType = sourcecode.c.objc; path = YSAppDelegate.m; sourceTree = "<group>"; };
/* End PBXFileReference section */

/* Begin PBXFrameworksBuildPhase section */
		880972CC17C7C31000B971A4 /* Frameworks */ = {
			isa = PBXFrameworksBuildPhase;
			buildActionMask = 2147483647;
			files = (
				88CA780617C8693600535BD0 /* AVFoundation.framework in Frameworks */,
				880972D317C7C31000B971A4 /* UIKit.framework in Frameworks */,
				880972D517C7C31000B971A4 /* Foundation.framework in Frameworks */,
				880972D717C7C31000B971A4 /* CoreGraphics.framework in Frameworks */,
			);
			runOnlyForDeploymentPostprocessing = 0;
		};
/* End PBXFrameworksBuildPhase section */

/* Begin PBXGroup section */
		880972C617C7C31000B971A4 = {
			isa = PBXGroup;
			children = (
				88FD17D817D30F3E0074B62D /* Default-568h@2x.png */,
				88FD17CB17D30EC90074B62D /* Category */,
				88FD17D217D30EC90074B62D /* View */,
				88FD17D517D30EC90074B62D /* ViewController */,
				88FDFA1517D707FE00CB1B45 /* TwinklePullDown */,
				880972D117C7C31000B971A4 /* Frameworks */,
				880972D017C7C31000B971A4 /* Products */,
			);
			sourceTree = "<group>";
		};
		880972D017C7C31000B971A4 /* Products */ = {
			isa = PBXGroup;
			children = (
				880972CF17C7C31000B971A4 /* TwinklePullDown.app */,
			);
			name = Products;
			sourceTree = "<group>";
		};
		880972D117C7C31000B971A4 /* Frameworks */ = {
			isa = PBXGroup;
			children = (
				88CA780517C8693600535BD0 /* AVFoundation.framework */,
				880972D217C7C31000B971A4 /* UIKit.framework */,
				880972D417C7C31000B971A4 /* Foundation.framework */,
				880972D617C7C31000B971A4 /* CoreGraphics.framework */,
			);
			name = Frameworks;
			sourceTree = "<group>";
		};
		88FD17CB17D30EC90074B62D /* Category */ = {
			isa = PBXGroup;
			children = (
				88FD17CC17D30EC90074B62D /* NSObject+DelayedPerforming.h */,
				88FD17CD17D30EC90074B62D /* NSObject+DelayedPerforming.m */,
			);
			path = Category;
			sourceTree = "<group>";
		};
		88FD17D217D30EC90074B62D /* View */ = {
			isa = PBXGroup;
			children = (
				88FD17D317D30EC90074B62D /* YSScrollView.h */,
				88FD17D417D30EC90074B62D /* YSScrollView.m */,
			);
			path = View;
			sourceTree = "<group>";
		};
		88FD17D517D30EC90074B62D /* ViewController */ = {
			isa = PBXGroup;
			children = (
				88FD17D617D30EC90074B62D /* YSViewController.h */,
				88FD17D717D30EC90074B62D /* YSViewController.m */,
			);
			path = ViewController;
			sourceTree = "<group>";
		};
		88FDFA1517D707FE00CB1B45 /* TwinklePullDown */ = {
			isa = PBXGroup;
			children = (
				88FDFA1617D707FE00CB1B45 /* Supporting Files */,
				88FDFA2317D707FE00CB1B45 /* YSAppDelegate.h */,
				88FDFA2417D707FE00CB1B45 /* YSAppDelegate.m */,
			);
			path = TwinklePullDown;
			sourceTree = "<group>";
		};
		88FDFA1617D707FE00CB1B45 /* Supporting Files */ = {
			isa = PBXGroup;
			children = (
				88FDFA1717D707FE00CB1B45 /* Default-568h@2x.png */,
				88FDFA1817D707FE00CB1B45 /* Default.png */,
				88FDFA1917D707FE00CB1B45 /* Default@2x.png */,
				88FDFA1A17D707FE00CB1B45 /* InfoPlist.strings */,
				88FDFA1C17D707FE00CB1B45 /* YSViewController_iPad.xib */,
				88FDFA1E17D707FE00CB1B45 /* YSViewController_iPhone.xib */,
				88FDFA2017D707FE00CB1B45 /* main.m */,
				88FDFA2117D707FE00CB1B45 /* TwinklePullDown-Info.plist */,
				88FDFA2217D707FE00CB1B45 /* TwinklePullDown-Prefix.pch */,
			);
			path = "Supporting Files";
			sourceTree = "<group>";
		};
/* End PBXGroup section */

/* Begin PBXNativeTarget section */
		880972CE17C7C31000B971A4 /* TwinklePullDown */ = {
			isa = PBXNativeTarget;
			buildConfigurationList = 880972F517C7C31000B971A4 /* Build configuration list for PBXNativeTarget "TwinklePullDown" */;
			buildPhases = (
				880972CB17C7C31000B971A4 /* Sources */,
				880972CC17C7C31000B971A4 /* Frameworks */,
				880972CD17C7C31000B971A4 /* Resources */,
			);
			buildRules = (
			);
			dependencies = (
			);
			name = TwinklePullDown;
			productName = BounceMenu;
			productReference = 880972CF17C7C31000B971A4 /* TwinklePullDown.app */;
			productType = "com.apple.product-type.application";
		};
/* End PBXNativeTarget section */

/* Begin PBXProject section */
		880972C717C7C31000B971A4 /* Project object */ = {
			isa = PBXProject;
			attributes = {
				CLASSPREFIX = YS;
				LastUpgradeCheck = 0460;
				ORGANIZATIONNAME = "Shingai Yoshimi";
			};
			buildConfigurationList = 880972CA17C7C31000B971A4 /* Build configuration list for PBXProject "TwinklePullDown" */;
			compatibilityVersion = "Xcode 3.2";
			developmentRegion = English;
			hasScannedForEncodings = 0;
			knownRegions = (
				en,
			);
			mainGroup = 880972C617C7C31000B971A4;
			productRefGroup = 880972D017C7C31000B971A4 /* Products */;
			projectDirPath = "";
			projectRoot = "";
			targets = (
				880972CE17C7C31000B971A4 /* TwinklePullDown */,
			);
		};
/* End PBXProject section */

/* Begin PBXResourcesBuildPhase section */
		880972CD17C7C31000B971A4 /* Resources */ = {
			isa = PBXResourcesBuildPhase;
			buildActionMask = 2147483647;
			files = (
				88FD17D917D30F3E0074B62D /* Default-568h@2x.png in Resources */,
			);
			runOnlyForDeploymentPostprocessing = 0;
		};
/* End PBXResourcesBuildPhase section */

/* Begin PBXSourcesBuildPhase section */
		880972CB17C7C31000B971A4 /* Sources */ = {
			isa = PBXSourcesBuildPhase;
			buildActionMask = 2147483647;
			files = (
				88FDFA2517D7083F00CB1B45 /* main.m in Sources */,
				88FDFA2617D7083F00CB1B45 /* YSAppDelegate.m in Sources */,
				88FD17DA17D30F510074B62D /* NSObject+DelayedPerforming.m in Sources */,
				88FD17DB17D30F510074B62D /* YSScrollView.m in Sources */,
				88FD17DC17D30F510074B62D /* YSViewController.m in Sources */,
			);
			runOnlyForDeploymentPostprocessing = 0;
		};
/* End PBXSourcesBuildPhase section */

/* Begin PBXVariantGroup section */
		88FDFA1A17D707FE00CB1B45 /* InfoPlist.strings */ = {
			isa = PBXVariantGroup;
			children = (
				88FDFA1B17D707FE00CB1B45 /* en */,
			);
			name = InfoPlist.strings;
			sourceTree = "<group>";
		};
		88FDFA1C17D707FE00CB1B45 /* YSViewController_iPad.xib */ = {
			isa = PBXVariantGroup;
			children = (
				88FDFA1D17D707FE00CB1B45 /* en */,
			);
			name = YSViewController_iPad.xib;
			sourceTree = "<group>";
		};
		88FDFA1E17D707FE00CB1B45 /* YSViewController_iPhone.xib */ = {
			isa = PBXVariantGroup;
			children = (
				88FDFA1F17D707FE00CB1B45 /* en */,
			);
			name = YSViewController_iPhone.xib;
			sourceTree = "<group>";
		};
/* End PBXVariantGroup section */

/* Begin XCBuildConfiguration section */
		880972F317C7C31000B971A4 /* Debug */ = {
			isa = XCBuildConfiguration;
			buildSettings = {
				ALWAYS_SEARCH_USER_PATHS = NO;
				CLANG_CXX_LANGUAGE_STANDARD = "gnu++0x";
				CLANG_CXX_LIBRARY = "libc++";
				CLANG_ENABLE_OBJC_ARC = YES;
				CLANG_WARN_CONSTANT_CONVERSION = YES;
				CLANG_WARN_EMPTY_BODY = YES;
				CLANG_WARN_ENUM_CONVERSION = YES;
				CLANG_WARN_INT_CONVERSION = YES;
				CLANG_WARN__DUPLICATE_METHOD_MATCH = YES;
				"CODE_SIGN_IDENTITY[sdk=iphoneos*]" = "iPhone Developer";
				COPY_PHASE_STRIP = NO;
				GCC_C_LANGUAGE_STANDARD = gnu99;
				GCC_DYNAMIC_NO_PIC = NO;
				GCC_OPTIMIZATION_LEVEL = 0;
				GCC_PREPROCESSOR_DEFINITIONS = (
					"DEBUG=1",
					"$(inherited)",
				);
				GCC_SYMBOLS_PRIVATE_EXTERN = NO;
				GCC_WARN_ABOUT_RETURN_TYPE = YES;
				GCC_WARN_UNINITIALIZED_AUTOS = YES;
				GCC_WARN_UNUSED_VARIABLE = YES;
				IPHONEOS_DEPLOYMENT_TARGET = 6.1;
				ONLY_ACTIVE_ARCH = YES;
				SDKROOT = iphoneos;
				TARGETED_DEVICE_FAMILY = "1,2";
			};
			name = Debug;
		};
		880972F417C7C31000B971A4 /* Release */ = {
			isa = XCBuildConfiguration;
			buildSettings = {
				ALWAYS_SEARCH_USER_PATHS = NO;
				CLANG_CXX_LANGUAGE_STANDARD = "gnu++0x";
				CLANG_CXX_LIBRARY = "libc++";
				CLANG_ENABLE_OBJC_ARC = YES;
				CLANG_WARN_CONSTANT_CONVERSION = YES;
				CLANG_WARN_EMPTY_BODY = YES;
				CLANG_WARN_ENUM_CONVERSION = YES;
				CLANG_WARN_INT_CONVERSION = YES;
				CLANG_WARN__DUPLICATE_METHOD_MATCH = YES;
				"CODE_SIGN_IDENTITY[sdk=iphoneos*]" = "iPhone Developer";
				COPY_PHASE_STRIP = YES;
				GCC_C_LANGUAGE_STANDARD = gnu99;
				GCC_WARN_ABOUT_RETURN_TYPE = YES;
				GCC_WARN_UNINITIALIZED_AUTOS = YES;
				GCC_WARN_UNUSED_VARIABLE = YES;
				IPHONEOS_DEPLOYMENT_TARGET = 6.1;
				OTHER_CFLAGS = "-DNS_BLOCK_ASSERTIONS=1";
				SDKROOT = iphoneos;
				TARGETED_DEVICE_FAMILY = "1,2";
				VALIDATE_PRODUCT = YES;
			};
			name = Release;
		};
		880972F617C7C31000B971A4 /* Debug */ = {
			isa = XCBuildConfiguration;
			buildSettings = {
				CODE_SIGN_IDENTITY = "iPhone Developer: Yoshimi Shingai (5J73826RD5)";
				"CODE_SIGN_IDENTITY[sdk=iphoneos*]" = "iPhone Developer: Yoshimi Shingai (5J73826RD5)";
				GCC_PRECOMPILE_PREFIX_HEADER = YES;
				GCC_PREFIX_HEADER = "TwinklePullDown/Supporting Files/TwinklePullDown-Prefix.pch";
				INFOPLIST_FILE = "TwinklePullDown/Supporting Files/TwinklePullDown-Info.plist";
				PRODUCT_NAME = TwinklePullDown;
				PROVISIONING_PROFILE = "192DCA50-B0BF-4345-B319-5288C937ED5E";
				"PROVISIONING_PROFILE[sdk=iphoneos*]" = "192DCA50-B0BF-4345-B319-5288C937ED5E";
				WRAPPER_EXTENSION = app;
			};
			name = Debug;
		};
		880972F717C7C31000B971A4 /* Release */ = {
			isa = XCBuildConfiguration;
			buildSettings = {
				CODE_SIGN_IDENTITY = "iPhone Developer: Yoshimi Shingai (5J73826RD5)";
				"CODE_SIGN_IDENTITY[sdk=iphoneos*]" = "iPhone Developer: Yoshimi Shingai (5J73826RD5)";
				GCC_PRECOMPILE_PREFIX_HEADER = YES;
				GCC_PREFIX_HEADER = "TwinklePullDown/Supporting Files/TwinklePullDown-Prefix.pch";
				INFOPLIST_FILE = "TwinklePullDown/Supporting Files/TwinklePullDown-Info.plist";
				PRODUCT_NAME = TwinklePullDown;
				PROVISIONING_PROFILE = "192DCA50-B0BF-4345-B319-5288C937ED5E";
				"PROVISIONING_PROFILE[sdk=iphoneos*]" = "192DCA50-B0BF-4345-B319-5288C937ED5E";
				WRAPPER_EXTENSION = app;
			};
			name = Release;
		};
/* End XCBuildConfiguration section */

/* Begin XCConfigurationList section */
		880972CA17C7C31000B971A4 /* Build configuration list for PBXProject "TwinklePullDown" */ = {
			isa = XCConfigurationList;
			buildConfigurations = (
				880972F317C7C31000B971A4 /* Debug */,
				880972F417C7C31000B971A4 /* Release */,
			);
			defaultConfigurationIsVisible = 0;
			defaultConfigurationName = Release;
		};
		880972F517C7C31000B971A4 /* Build configuration list for PBXNativeTarget "TwinklePullDown" */ = {
			isa = XCConfigurationList;
			buildConfigurations = (
				880972F617C7C31000B971A4 /* Debug */,
				880972F717C7C31000B971A4 /* Release */,
			);
			defaultConfigurationIsVisible = 0;
			defaultConfigurationName = Release;
		};
/* End XCConfigurationList section */
	};
	rootObject = 880972C717C7C31000B971A4 /* Project object */;
}
